
Microsoft Visual Studio Solution File, Format Version 12.00
# Visual Studio 15
VisualStudioVersion = 15.0.26730.12
MinimumVisualStudioVersion = 10.0.40219.1
Project("{2150E333-8FDC-42A3-9474-1A3956D46DE8}") = "libs", "libs", "{23BE7202-1BBA-4BC2-BBCE-4ED8C412D0F0}"
EndProject
Project("{2150E333-8FDC-42A3-9474-1A3956D46DE8}") = "Sitecore", "Sitecore", "{A58BBF8C-46C4-4D73-B1B2-390DB36D75CB}"
	ProjectSection(SolutionItems) = preProject
		libs\Sitecore\Lucene.Net.dll = libs\Sitecore\Lucene.Net.dll
		libs\Sitecore\Sitecore.Analytics.dll = libs\Sitecore\Sitecore.Analytics.dll
		..\..\inetpub\wwwroot\Sitecore8\Website\bin\Sitecore.ContentSearch.dll = ..\..\inetpub\wwwroot\Sitecore8\Website\bin\Sitecore.ContentSearch.dll
		..\..\inetpub\wwwroot\Sitecore8\Website\bin\Sitecore.ContentSearch.Linq.dll = ..\..\inetpub\wwwroot\Sitecore8\Website\bin\Sitecore.ContentSearch.Linq.dll
		..\..\inetpub\wwwroot\Sitecore8\Website\bin\Sitecore.Kernel.dll = ..\..\inetpub\wwwroot\Sitecore8\Website\bin\Sitecore.Kernel.dll
		libs\Sitecore\Sitecore.Kernel.dll = libs\Sitecore\Sitecore.Kernel.dll
		libs\Sitecore\Sitecore.Logging.dll = libs\Sitecore\Sitecore.Logging.dll
		..\..\inetpub\wwwroot\Sitecore8\Website\bin\Sitecore.Mvc.dll = ..\..\inetpub\wwwroot\Sitecore8\Website\bin\Sitecore.Mvc.dll
		..\..\inetpub\wwwroot\Sitecore8\Website\bin\Sitecore.Mvc.ExperienceEditor.dll = ..\..\inetpub\wwwroot\Sitecore8\Website\bin\Sitecore.Mvc.ExperienceEditor.dll
		libs\Sitecore\Sitecore.Nexus.dll = libs\Sitecore\Sitecore.Nexus.dll
	EndProjectSection
EndProject
Project("{2150E333-8FDC-42A3-9474-1A3956D46DE8}") = "Configuration", "Configuration", "{86F1F477-9B20-4963-88F2-B81B41CDECF6}"
	ProjectSection(SolutionItems) = preProject
		gulp-config.js = gulp-config.js
		gulpfile.js = gulpfile.js
		package.json = package.json
	EndProjectSection
	ProjectSection(FolderGlobals) = preProject
		__JSONSchema = 
	EndProjectSection
EndProject
Project("{2150E333-8FDC-42A3-9474-1A3956D46DE8}") = "Feature", "Feature", "{DB87301D-B213-48E5-B0EB-E20FAD6F749C}"
EndProject
Project("{2150E333-8FDC-42A3-9474-1A3956D46DE8}") = "Foundation", "Foundation", "{F8FA8853-987D-4CB6-A97C-34759BB477C5}"
EndProject
Project("{2150E333-8FDC-42A3-9474-1A3956D46DE8}") = "Project", "Project", "{88665A5F-44CD-4E73-9E0C-2CFB872330B3}"
EndProject
Project("{2150E333-8FDC-42A3-9474-1A3956D46DE8}") = "SitecoreDev", "SitecoreDev", "{D753DD9A-E110-4531-9C98-047F225A5A53}"
EndProject
Project("{FAE04EC0-301F-11D3-BF4B-00C04F79EFBC}") = "SitecoreDev.Website", "Project\SitecoreDev\SitecoreDev.Website\SitecoreDev.Website.csproj", "{4D9AC9CC-FC9F-4D2C-8E69-C0D1D618EE44}"
EndProject
Project("{2150E333-8FDC-42A3-9474-1A3956D46DE8}") = "SitecoreExtensions", "SitecoreExtensions", "{371F872D-735D-4E8B-95F2-226FF984A1A4}"
EndProject
Project("{FAE04EC0-301F-11D3-BF4B-00C04F79EFBC}") = "SitecoreDev.Foundation.SitecoreExtensions", "Foundation\SitecoreExtensions\SitecoreDev.Foundation.SitecoreExtensions\SitecoreDev.Foundation.SitecoreExtensions.csproj", "{2383BA61-DCD5-4A1A-BEB4-EA2FD99E27D3}"
EndProject
Project("{2150E333-8FDC-42A3-9474-1A3956D46DE8}") = "Styles", "Styles", "{34C6990C-E3EB-4C6B-99C5-F580EABA9B9A}"
EndProject
Project("{FAE04EC0-301F-11D3-BF4B-00C04F79EFBC}") = "SitecoreDev.Foundation.Styles", "Foundation\Styles\SitecoreDev.Foundation.Styles\SitecoreDev.Foundation.Styles.csproj", "{19B06C3F-ABBE-4C37-B8D8-266CF7BEB1F5}"
EndProject
Project("{2150E333-8FDC-42A3-9474-1A3956D46DE8}") = "Media", "Media", "{8FE756C5-CD4D-4029-AF90-984971802050}"
EndProject
Project("{FAE04EC0-301F-11D3-BF4B-00C04F79EFBC}") = "SitecoreDev.Feature.Media", "Feature\Media\SitecoreDev.Feature.Media\SitecoreDev.Feature.Media.csproj", "{85782CF3-02DD-4281-9EFF-AF951BBAFE71}"
EndProject
Project("{2150E333-8FDC-42A3-9474-1A3956D46DE8}") = "Articles", "Articles", "{F980D6FB-EB8C-4BE9-976F-B425C3830BCB}"
EndProject
Project("{FAE04EC0-301F-11D3-BF4B-00C04F79EFBC}") = "SitecoreDev.Feature.Articles", "Feature\Articles\SitecoreDev.Feature.Articles\SitecoreDev.Feature.Articles.csproj", "{BAA9B6E5-CC01-4E4E-B574-B906A234B963}"
EndProject
Project("{2150E333-8FDC-42A3-9474-1A3956D46DE8}") = "Orm", "Orm", "{DC06A643-5969-4F88-B78C-34C64EEEAADC}"
EndProject
Project("{FAE04EC0-301F-11D3-BF4B-00C04F79EFBC}") = "SitecoreDev.Foundation.Orm", "Foundation\Orm\SitecoreDev.Foundation.Orm\SitecoreDev.Foundation.Orm.csproj", "{F7B3ECFA-5490-47E0-B8D5-90BA9C2A61A0}"
EndProject
Project("{2150E333-8FDC-42A3-9474-1A3956D46DE8}") = "Model", "Model", "{FA02C85A-2D55-41BA-A5E4-12F9AFB2E3ED}"
EndProject
Project("{FAE04EC0-301F-11D3-BF4B-00C04F79EFBC}") = "SitecoreDev.Foundation.Model", "Foundation\Model\SitecoreDev.Foundation.Model\SitecoreDev.Foundation.Model.csproj", "{154DAD14-48EF-488D-B7F0-F8492F2492D1}"
EndProject
Project("{2150E333-8FDC-42A3-9474-1A3956D46DE8}") = "Repository", "Repository", "{21CC673E-5C72-447B-99D3-DF98CF709002}"
EndProject
Project("{FAE04EC0-301F-11D3-BF4B-00C04F79EFBC}") = "SitecoreDev.Foundation.Repository", "Foundation\Repository\SitecoreDev.Foundation.Repository\SitecoreDev.Foundation.Repository.csproj", "{2F8343DB-EE88-4B42-BCFD-5515754B99FB}"
EndProject
Project("{2150E333-8FDC-42A3-9474-1A3956D46DE8}") = "Ioc", "Ioc", "{53D6AE11-57E0-4BB2-B815-9C393155C72F}"
EndProject
Project("{FAE04EC0-301F-11D3-BF4B-00C04F79EFBC}") = "SitecoreDev.Foundation.Ioc", "Foundation\Ioc\SitecoreDev.Foundation.Ioc\SitecoreDev.Foundation.Ioc.csproj", "{55BA613F-EF47-4CDA-A54C-71438272E122}"
EndProject
Project("{FAE04EC0-301F-11D3-BF4B-00C04F79EFBC}") = "SitecoreDev.Feature.Media.Tests", "Feature\Media\SitecoreDev.Feature.Media.Tests\SitecoreDev.Feature.Media.Tests\SitecoreDev.Feature.Media.Tests.csproj", "{126D6E07-90F6-47ED-97B4-76E6BF2F0986}"
EndProject
Project("{2150E333-8FDC-42A3-9474-1A3956D46DE8}") = "Indexing", "Indexing", "{04D5E2A6-DCC8-4650-AA26-185C42B52A9C}"
EndProject
Project("{FAE04EC0-301F-11D3-BF4B-00C04F79EFBC}") = "SitecoreDev.Foundation.Index", "Foundation\Indexing\SitecoreDev.Foundation.Index\SitecoreDev.Foundation.Index\SitecoreDev.Foundation.Index.csproj", "{9521B3AD-8D53-4FD5-B77C-15904F3A5348}"
EndProject
Project("{2150E333-8FDC-42A3-9474-1A3956D46DE8}") = "Search", "Search", "{77A2902C-8779-4BFA-BBAA-E96E34F51D11}"
EndProject
Project("{FAE04EC0-301F-11D3-BF4B-00C04F79EFBC}") = "SitecoreDev.Feature.Search", "Feature\Search\SitecoreDev.Feature.Search\SitecoreDev.Feature.Search\SitecoreDev.Feature.Search.csproj", "{41EA6F93-1336-482A-A020-164596083B6E}"
EndProject
Global
	GlobalSection(SolutionConfigurationPlatforms) = preSolution
		Debug|Any CPU = Debug|Any CPU
		Release|Any CPU = Release|Any CPU
	EndGlobalSection
	GlobalSection(ProjectConfigurationPlatforms) = postSolution
		{4D9AC9CC-FC9F-4D2C-8E69-C0D1D618EE44}.Debug|Any CPU.ActiveCfg = Debug|Any CPU
		{4D9AC9CC-FC9F-4D2C-8E69-C0D1D618EE44}.Debug|Any CPU.Build.0 = Debug|Any CPU
		{4D9AC9CC-FC9F-4D2C-8E69-C0D1D618EE44}.Release|Any CPU.ActiveCfg = Release|Any CPU
		{4D9AC9CC-FC9F-4D2C-8E69-C0D1D618EE44}.Release|Any CPU.Build.0 = Release|Any CPU
		{2383BA61-DCD5-4A1A-BEB4-EA2FD99E27D3}.Debug|Any CPU.ActiveCfg = Debug|Any CPU
		{2383BA61-DCD5-4A1A-BEB4-EA2FD99E27D3}.Debug|Any CPU.Build.0 = Debug|Any CPU
		{2383BA61-DCD5-4A1A-BEB4-EA2FD99E27D3}.Release|Any CPU.ActiveCfg = Release|Any CPU
		{2383BA61-DCD5-4A1A-BEB4-EA2FD99E27D3}.Release|Any CPU.Build.0 = Release|Any CPU
		{19B06C3F-ABBE-4C37-B8D8-266CF7BEB1F5}.Debug|Any CPU.ActiveCfg = Debug|Any CPU
		{19B06C3F-ABBE-4C37-B8D8-266CF7BEB1F5}.Debug|Any CPU.Build.0 = Debug|Any CPU
		{19B06C3F-ABBE-4C37-B8D8-266CF7BEB1F5}.Release|Any CPU.ActiveCfg = Release|Any CPU
		{19B06C3F-ABBE-4C37-B8D8-266CF7BEB1F5}.Release|Any CPU.Build.0 = Release|Any CPU
		{85782CF3-02DD-4281-9EFF-AF951BBAFE71}.Debug|Any CPU.ActiveCfg = Debug|Any CPU
		{85782CF3-02DD-4281-9EFF-AF951BBAFE71}.Debug|Any CPU.Build.0 = Debug|Any CPU
		{85782CF3-02DD-4281-9EFF-AF951BBAFE71}.Release|Any CPU.ActiveCfg = Release|Any CPU
		{85782CF3-02DD-4281-9EFF-AF951BBAFE71}.Release|Any CPU.Build.0 = Release|Any CPU
		{BAA9B6E5-CC01-4E4E-B574-B906A234B963}.Debug|Any CPU.ActiveCfg = Debug|Any CPU
		{BAA9B6E5-CC01-4E4E-B574-B906A234B963}.Debug|Any CPU.Build.0 = Debug|Any CPU
		{BAA9B6E5-CC01-4E4E-B574-B906A234B963}.Release|Any CPU.ActiveCfg = Release|Any CPU
		{BAA9B6E5-CC01-4E4E-B574-B906A234B963}.Release|Any CPU.Build.0 = Release|Any CPU
		{F7B3ECFA-5490-47E0-B8D5-90BA9C2A61A0}.Debug|Any CPU.ActiveCfg = Debug|Any CPU
		{F7B3ECFA-5490-47E0-B8D5-90BA9C2A61A0}.Debug|Any CPU.Build.0 = Debug|Any CPU
		{F7B3ECFA-5490-47E0-B8D5-90BA9C2A61A0}.Release|Any CPU.ActiveCfg = Release|Any CPU
		{F7B3ECFA-5490-47E0-B8D5-90BA9C2A61A0}.Release|Any CPU.Build.0 = Release|Any CPU
		{154DAD14-48EF-488D-B7F0-F8492F2492D1}.Debug|Any CPU.ActiveCfg = Debug|Any CPU
		{154DAD14-48EF-488D-B7F0-F8492F2492D1}.Debug|Any CPU.Build.0 = Debug|Any CPU
		{154DAD14-48EF-488D-B7F0-F8492F2492D1}.Release|Any CPU.ActiveCfg = Release|Any CPU
		{154DAD14-48EF-488D-B7F0-F8492F2492D1}.Release|Any CPU.Build.0 = Release|Any CPU
		{2F8343DB-EE88-4B42-BCFD-5515754B99FB}.Debug|Any CPU.ActiveCfg = Debug|Any CPU
		{2F8343DB-EE88-4B42-BCFD-5515754B99FB}.Debug|Any CPU.Build.0 = Debug|Any CPU
		{2F8343DB-EE88-4B42-BCFD-5515754B99FB}.Release|Any CPU.ActiveCfg = Release|Any CPU
		{2F8343DB-EE88-4B42-BCFD-5515754B99FB}.Release|Any CPU.Build.0 = Release|Any CPU
		{55BA613F-EF47-4CDA-A54C-71438272E122}.Debug|Any CPU.ActiveCfg = Debug|Any CPU
		{55BA613F-EF47-4CDA-A54C-71438272E122}.Debug|Any CPU.Build.0 = Debug|Any CPU
		{55BA613F-EF47-4CDA-A54C-71438272E122}.Release|Any CPU.ActiveCfg = Release|Any CPU
		{55BA613F-EF47-4CDA-A54C-71438272E122}.Release|Any CPU.Build.0 = Release|Any CPU
		{126D6E07-90F6-47ED-97B4-76E6BF2F0986}.Debug|Any CPU.ActiveCfg = Debug|Any CPU
		{126D6E07-90F6-47ED-97B4-76E6BF2F0986}.Debug|Any CPU.Build.0 = Debug|Any CPU
		{126D6E07-90F6-47ED-97B4-76E6BF2F0986}.Release|Any CPU.ActiveCfg = Release|Any CPU
		{126D6E07-90F6-47ED-97B4-76E6BF2F0986}.Release|Any CPU.Build.0 = Release|Any CPU
		{9521B3AD-8D53-4FD5-B77C-15904F3A5348}.Debug|Any CPU.ActiveCfg = Debug|Any CPU
		{9521B3AD-8D53-4FD5-B77C-15904F3A5348}.Debug|Any CPU.Build.0 = Debug|Any CPU
		{9521B3AD-8D53-4FD5-B77C-15904F3A5348}.Release|Any CPU.ActiveCfg = Release|Any CPU
		{9521B3AD-8D53-4FD5-B77C-15904F3A5348}.Release|Any CPU.Build.0 = Release|Any CPU
		{41EA6F93-1336-482A-A020-164596083B6E}.Debug|Any CPU.ActiveCfg = Debug|Any CPU
		{41EA6F93-1336-482A-A020-164596083B6E}.Debug|Any CPU.Build.0 = Debug|Any CPU
		{41EA6F93-1336-482A-A020-164596083B6E}.Release|Any CPU.ActiveCfg = Release|Any CPU
		{41EA6F93-1336-482A-A020-164596083B6E}.Release|Any CPU.Build.0 = Release|Any CPU
	EndGlobalSection
	GlobalSection(SolutionProperties) = preSolution
		HideSolutionNode = FALSE
	EndGlobalSection
	GlobalSection(NestedProjects) = preSolution
		{A58BBF8C-46C4-4D73-B1B2-390DB36D75CB} = {23BE7202-1BBA-4BC2-BBCE-4ED8C412D0F0}
		{D753DD9A-E110-4531-9C98-047F225A5A53} = {88665A5F-44CD-4E73-9E0C-2CFB872330B3}
		{4D9AC9CC-FC9F-4D2C-8E69-C0D1D618EE44} = {D753DD9A-E110-4531-9C98-047F225A5A53}
		{371F872D-735D-4E8B-95F2-226FF984A1A4} = {F8FA8853-987D-4CB6-A97C-34759BB477C5}
		{2383BA61-DCD5-4A1A-BEB4-EA2FD99E27D3} = {371F872D-735D-4E8B-95F2-226FF984A1A4}
		{34C6990C-E3EB-4C6B-99C5-F580EABA9B9A} = {F8FA8853-987D-4CB6-A97C-34759BB477C5}
		{19B06C3F-ABBE-4C37-B8D8-266CF7BEB1F5} = {34C6990C-E3EB-4C6B-99C5-F580EABA9B9A}
		{8FE756C5-CD4D-4029-AF90-984971802050} = {DB87301D-B213-48E5-B0EB-E20FAD6F749C}
		{85782CF3-02DD-4281-9EFF-AF951BBAFE71} = {8FE756C5-CD4D-4029-AF90-984971802050}
		{F980D6FB-EB8C-4BE9-976F-B425C3830BCB} = {DB87301D-B213-48E5-B0EB-E20FAD6F749C}
		{BAA9B6E5-CC01-4E4E-B574-B906A234B963} = {F980D6FB-EB8C-4BE9-976F-B425C3830BCB}
		{DC06A643-5969-4F88-B78C-34C64EEEAADC} = {F8FA8853-987D-4CB6-A97C-34759BB477C5}
		{F7B3ECFA-5490-47E0-B8D5-90BA9C2A61A0} = {DC06A643-5969-4F88-B78C-34C64EEEAADC}
		{FA02C85A-2D55-41BA-A5E4-12F9AFB2E3ED} = {F8FA8853-987D-4CB6-A97C-34759BB477C5}
		{154DAD14-48EF-488D-B7F0-F8492F2492D1} = {FA02C85A-2D55-41BA-A5E4-12F9AFB2E3ED}
		{21CC673E-5C72-447B-99D3-DF98CF709002} = {F8FA8853-987D-4CB6-A97C-34759BB477C5}
		{2F8343DB-EE88-4B42-BCFD-5515754B99FB} = {21CC673E-5C72-447B-99D3-DF98CF709002}
		{53D6AE11-57E0-4BB2-B815-9C393155C72F} = {F8FA8853-987D-4CB6-A97C-34759BB477C5}
		{55BA613F-EF47-4CDA-A54C-71438272E122} = {53D6AE11-57E0-4BB2-B815-9C393155C72F}
		{126D6E07-90F6-47ED-97B4-76E6BF2F0986} = {8FE756C5-CD4D-4029-AF90-984971802050}
		{04D5E2A6-DCC8-4650-AA26-185C42B52A9C} = {F8FA8853-987D-4CB6-A97C-34759BB477C5}
		{9521B3AD-8D53-4FD5-B77C-15904F3A5348} = {04D5E2A6-DCC8-4650-AA26-185C42B52A9C}
		{77A2902C-8779-4BFA-BBAA-E96E34F51D11} = {DB87301D-B213-48E5-B0EB-E20FAD6F749C}
		{41EA6F93-1336-482A-A020-164596083B6E} = {77A2902C-8779-4BFA-BBAA-E96E34F51D11}
	EndGlobalSection
	GlobalSection(ExtensibilityGlobals) = postSolution
		SolutionGuid = {1C824447-3A3F-478D-B9D6-185F4AC98334}
	EndGlobalSection
EndGlobal
